{
  "_meta": {
    "hash": {
      "sha256": "0a8179d7ff752b2d8c70319cfd5d61b6475930179da5ee04a3b30e44bc14e6db"
    },
    "pipfile-spec": 6,
    "requires": {
      "python_full_version": "3.11.6",
      "python_version": "3.11"
    },
    "sources": [
      {
        "name": "pypi",
        "url": "https://pypi.org/simple",
        "verify_ssl": true
      }
    ]
  },
  "default": {
    "python-dotenv": {
      "hashes": [
        "sha256:e324ee90a023d808f1959c46bcbc04446a10ced277783dc6ee09987c37ec10ca",
        "sha256:f7b63ef50f1b690dddf550d03497b66d609393b40b564ed0d674909a68ebf16a"
      ],
      "index": "pypi",
      "markers": "python_version >= '3.8'",
      "version": "==1.0.1"
    },
    "tqdm": {
      "hashes": [
        "sha256:1ee4f8a893eb9bef51c6e35730cebf234d5d0b6bd112b0271e10ed7c24a02bd9",
        "sha256:6cd52cdf0fef0e0f543299cfc96fec90d7b8a7e88745f411ec33eb44d5ed3531"
      ],
      "index": "pypi",
      "markers": "python_version >= '3.7'",
      "version": "==4.66.2"
    }
  },
  "develop": {}
}
